
Microsoft Visual Studio Solution File, Format Version 12.00
# Visual Studio 2013
VisualStudioVersion = 12.0.40629.0
MinimumVisualStudioVersion = 10.0.40219.1
Project("{FAE04EC0-301F-11D3-BF4B-00C04F79EFBC}") = "sqlQuery", "sqlQuery\sqlQuery.csproj", "{DF19094C-B89E-4051-8125-278A8A4E1A15}"
EndProject
Global
	GlobalSection(SolutionConfigurationPlatforms) = preSolution
		Debug|Any CPU = Debug|Any CPU
		Release|Any CPU = Release|Any CPU
	EndGlobalSection
	GlobalSection(ProjectConfigurationPlatforms) = postSolution
		{DF19094C-B89E-4051-8125-278A8A4E1A15}.Debug|Any CPU.ActiveCfg = Debug|Any CPU
		{DF19094C-B89E-4051-8125-278A8A4E1A15}.Debug|Any CPU.Build.0 = Debug|Any CPU
		{DF19094C-B89E-4051-8125-278A8A4E1A15}.Release|Any CPU.ActiveCfg = Release|Any CPU
		{DF19094C-B89E-4051-8125-278A8A4E1A15}.Release|Any CPU.Build.0 = Release|Any CPU
	EndGlobalSection
	GlobalSection(SolutionProperties) = preSolution
		HideSolutionNode = FALSE
	EndGlobalSection
EndGlobal
